
Microsoft Visual Studio Solution File, Format Version 12.00
# Visual Studio Version 16
VisualStudioVersion = 16.0.31624.102
MinimumVisualStudioVersion = 10.0.40219.1
Project("{FAE04EC0-301F-11D3-BF4B-00C04F79EFBC}") = "LR22_Sydorenco_202TN", "LR22_Sydorenco_202TN\LR22_Sydorenco_202TN.csproj", "{EE2C5814-D002-4CFF-A4F1-92AE4BC1546C}"
EndProject
Global
	GlobalSection(SolutionConfigurationPlatforms) = preSolution
		Debug|Any CPU = Debug|Any CPU
		Release|Any CPU = Release|Any CPU
	EndGlobalSection
	GlobalSection(ProjectConfigurationPlatforms) = postSolution
		{EE2C5814-D002-4CFF-A4F1-92AE4BC1546C}.Debug|Any CPU.ActiveCfg = Debug|Any CPU
		{EE2C5814-D002-4CFF-A4F1-92AE4BC1546C}.Debug|Any CPU.Build.0 = Debug|Any CPU
		{EE2C5814-D002-4CFF-A4F1-92AE4BC1546C}.Release|Any CPU.ActiveCfg = Release|Any CPU
		{EE2C5814-D002-4CFF-A4F1-92AE4BC1546C}.Release|Any CPU.Build.0 = Release|Any CPU
	EndGlobalSection
	GlobalSection(SolutionProperties) = preSolution
		HideSolutionNode = FALSE
	EndGlobalSection
	GlobalSection(ExtensibilityGlobals) = postSolution
		SolutionGuid = {6BBC999A-4B4C-4F18-8927-1EAE54020596}
	EndGlobalSection
EndGlobal
